
Microsoft Visual Studio Solution File, Format Version 12.00
# Visual Studio Version 17
VisualStudioVersion = 17.13.35828.75
MinimumVisualStudioVersion = 10.0.40219.1
Project("{FAE04EC0-301F-11D3-BF4B-00C04F79EFBC}") = "HotelBooking", "HotelBooking\HotelBooking.csproj", "{45263088-8B7B-46AD-9E34-D05942404091}"
EndProject
Project("{FAE04EC0-301F-11D3-BF4B-00C04F79EFBC}") = "HotelBooking.Tests", "HotelBooking.Tests\HotelBooking.Tests.csproj", "{C6D0D258-15A5-4D62-B8C8-C7FC4459C164}"
EndProject
Project("{FAE04EC0-301F-11D3-BF4B-00C04F79EFBC}") = "HotelBooking.Domain", "HotelBooking.Domain\HotelBooking.Domain.csproj", "{582DCFD3-FC28-46B6-AC90-CFC42D3C9D82}"
EndProject
Project("{FAE04EC0-301F-11D3-BF4B-00C04F79EFBC}") = "HotelBooking.Application", "HotelBooking.Application\HotelBooking.Application.csproj", "{7629CDEA-BD02-4EE8-9755-CD04221A0A6E}"
EndProject
Project("{2150E333-8FDC-42A3-9474-1A3956D46DE8}") = "User", "User", "{02EA681E-C7D8-13C7-8484-4AC65E1B71E8}"
EndProject
Project("{FAE04EC0-301F-11D3-BF4B-00C04F79EFBC}") = "UserService", "UserService\UserService.csproj", "{1F9E3057-217B-4621-86DF-DF2ACB9C29FF}"
EndProject
Project("{FAE04EC0-301F-11D3-BF4B-00C04F79EFBC}") = "User.Domain", "User.Domain\User.Domain.csproj", "{A6007989-AEE5-4585-AB88-4C3928667E9D}"
EndProject
Project("{FAE04EC0-301F-11D3-BF4B-00C04F79EFBC}") = "User.Application", "User.Service\User.Application.csproj", "{6387618A-6053-417F-B8C2-F7E57151DF42}"
EndProject
Global
	GlobalSection(SolutionConfigurationPlatforms) = preSolution
		Debug|Any CPU = Debug|Any CPU
		Release|Any CPU = Release|Any CPU
	EndGlobalSection
	GlobalSection(ProjectConfigurationPlatforms) = postSolution
		{45263088-8B7B-46AD-9E34-D05942404091}.Debug|Any CPU.ActiveCfg = Debug|Any CPU
		{45263088-8B7B-46AD-9E34-D05942404091}.Debug|Any CPU.Build.0 = Debug|Any CPU
		{45263088-8B7B-46AD-9E34-D05942404091}.Release|Any CPU.ActiveCfg = Release|Any CPU
		{45263088-8B7B-46AD-9E34-D05942404091}.Release|Any CPU.Build.0 = Release|Any CPU
		{C6D0D258-15A5-4D62-B8C8-C7FC4459C164}.Debug|Any CPU.ActiveCfg = Debug|Any CPU
		{C6D0D258-15A5-4D62-B8C8-C7FC4459C164}.Debug|Any CPU.Build.0 = Debug|Any CPU
		{C6D0D258-15A5-4D62-B8C8-C7FC4459C164}.Release|Any CPU.ActiveCfg = Release|Any CPU
		{C6D0D258-15A5-4D62-B8C8-C7FC4459C164}.Release|Any CPU.Build.0 = Release|Any CPU
		{582DCFD3-FC28-46B6-AC90-CFC42D3C9D82}.Debug|Any CPU.ActiveCfg = Debug|Any CPU
		{582DCFD3-FC28-46B6-AC90-CFC42D3C9D82}.Debug|Any CPU.Build.0 = Debug|Any CPU
		{582DCFD3-FC28-46B6-AC90-CFC42D3C9D82}.Release|Any CPU.ActiveCfg = Release|Any CPU
		{582DCFD3-FC28-46B6-AC90-CFC42D3C9D82}.Release|Any CPU.Build.0 = Release|Any CPU
		{7629CDEA-BD02-4EE8-9755-CD04221A0A6E}.Debug|Any CPU.ActiveCfg = Debug|Any CPU
		{7629CDEA-BD02-4EE8-9755-CD04221A0A6E}.Debug|Any CPU.Build.0 = Debug|Any CPU
		{7629CDEA-BD02-4EE8-9755-CD04221A0A6E}.Release|Any CPU.ActiveCfg = Release|Any CPU
		{7629CDEA-BD02-4EE8-9755-CD04221A0A6E}.Release|Any CPU.Build.0 = Release|Any CPU
		{1F9E3057-217B-4621-86DF-DF2ACB9C29FF}.Debug|Any CPU.ActiveCfg = Debug|Any CPU
		{1F9E3057-217B-4621-86DF-DF2ACB9C29FF}.Debug|Any CPU.Build.0 = Debug|Any CPU
		{1F9E3057-217B-4621-86DF-DF2ACB9C29FF}.Release|Any CPU.ActiveCfg = Release|Any CPU
		{1F9E3057-217B-4621-86DF-DF2ACB9C29FF}.Release|Any CPU.Build.0 = Release|Any CPU
		{A6007989-AEE5-4585-AB88-4C3928667E9D}.Debug|Any CPU.ActiveCfg = Debug|Any CPU
		{A6007989-AEE5-4585-AB88-4C3928667E9D}.Debug|Any CPU.Build.0 = Debug|Any CPU
		{A6007989-AEE5-4585-AB88-4C3928667E9D}.Release|Any CPU.ActiveCfg = Release|Any CPU
		{A6007989-AEE5-4585-AB88-4C3928667E9D}.Release|Any CPU.Build.0 = Release|Any CPU
		{6387618A-6053-417F-B8C2-F7E57151DF42}.Debug|Any CPU.ActiveCfg = Debug|Any CPU
		{6387618A-6053-417F-B8C2-F7E57151DF42}.Debug|Any CPU.Build.0 = Debug|Any CPU
		{6387618A-6053-417F-B8C2-F7E57151DF42}.Release|Any CPU.ActiveCfg = Release|Any CPU
		{6387618A-6053-417F-B8C2-F7E57151DF42}.Release|Any CPU.Build.0 = Release|Any CPU
	EndGlobalSection
	GlobalSection(SolutionProperties) = preSolution
		HideSolutionNode = FALSE
	EndGlobalSection
	GlobalSection(NestedProjects) = preSolution
		{1F9E3057-217B-4621-86DF-DF2ACB9C29FF} = {02EA681E-C7D8-13C7-8484-4AC65E1B71E8}
		{A6007989-AEE5-4585-AB88-4C3928667E9D} = {02EA681E-C7D8-13C7-8484-4AC65E1B71E8}
		{6387618A-6053-417F-B8C2-F7E57151DF42} = {02EA681E-C7D8-13C7-8484-4AC65E1B71E8}
	EndGlobalSection
	GlobalSection(ExtensibilityGlobals) = postSolution
		SolutionGuid = {85248734-A771-4E74-B869-F31BF85C2330}
	EndGlobalSection
EndGlobal
